
Microsoft Visual Studio Solution File, Format Version 12.00
# Visual Studio Version 17
VisualStudioVersion = 17.5.002.0
MinimumVisualStudioVersion = 10.0.40219.1
Project("{2150E333-8FDC-42A3-9474-1A3956D46DE8}") = "sandbox", "sandbox", "{DFE02E86-A492-4344-9D7C-C53154E7A7FF}"
EndProject
Project("{9A19103F-16F7-4668-BE54-9A1E7A4F7556}") = "sandbox_project", "sandbox\sandbox_project\sandbox_project.csproj", "{9AF38745-63ED-4391-9382-76F7C81E3D74}"
EndProject
Project("{2150E333-8FDC-42A3-9474-1A3956D46DE8}") = "week01", "week01", "{054729DF-07B2-4F61-B066-E5DA07A79D5D}"
EndProject
Project("{9A19103F-16F7-4668-BE54-9A1E7A4F7556}") = "analyze", "week01\analyze\analyze.csproj", "{8A222E52-58D1-4AC9-BFF6-4C5C713B9DBB}"
EndProject
Project("{9A19103F-16F7-4668-BE54-9A1E7A4F7556}") = "code", "week01\code\code.csproj", "{605D6D6E-9A0A-4C35-82AC-BB142611EED8}"
EndProject
Project("{9A19103F-16F7-4668-BE54-9A1E7A4F7556}") = "teach", "week01\teach\teach.csproj", "{097DF836-DA02-40E0-BA7A-D3A362727904}"
EndProject
Project("{2150E333-8FDC-42A3-9474-1A3956D46DE8}") = "week02", "week02", "{4B573B24-60C2-4C98-A99B-1F5A29F21FAE}"
EndProject
Project("{9A19103F-16F7-4668-BE54-9A1E7A4F7556}") = "analyze", "week02\analyze\analyze.csproj", "{80F087F5-92E4-4DDE-8A37-7276791B500C}"
EndProject
Project("{9A19103F-16F7-4668-BE54-9A1E7A4F7556}") = "code", "week02\code\code.csproj", "{B9CB34A6-68FD-4E90-AB46-0637E2E48B56}"
EndProject
Project("{9A19103F-16F7-4668-BE54-9A1E7A4F7556}") = "learn", "week02\learn\learn.csproj", "{9CF091F8-1F30-4F84-AEFA-93DDD1299F9A}"
EndProject
Project("{9A19103F-16F7-4668-BE54-9A1E7A4F7556}") = "teach", "week02\teach\teach.csproj", "{9CF4F526-9334-4F90-94B2-FAE754CAEA13}"
EndProject
Project("{2150E333-8FDC-42A3-9474-1A3956D46DE8}") = "week03", "week03", "{CAC2BA00-2EF5-4ECC-A10F-755B48261114}"
EndProject
Project("{9A19103F-16F7-4668-BE54-9A1E7A4F7556}") = "code", "week03\code\code.csproj", "{77798ACC-5158-4289-8B62-9CF0F9C88D8C}"
EndProject
Project("{9A19103F-16F7-4668-BE54-9A1E7A4F7556}") = "learn", "week03\learn\learn.csproj", "{8D5098B8-6D45-4ECB-940F-EF45C23BADE3}"
EndProject
Project("{9A19103F-16F7-4668-BE54-9A1E7A4F7556}") = "teach", "week03\teach\teach.csproj", "{ADFED0D7-2AD6-4564-B46C-90ADF3CBAB83}"
EndProject
Project("{2150E333-8FDC-42A3-9474-1A3956D46DE8}") = "week04", "week04", "{A8AAD7D8-E2B5-4A83-A05A-7CA3F28B47D5}"
EndProject
Project("{9A19103F-16F7-4668-BE54-9A1E7A4F7556}") = "code", "week04\code\code.csproj", "{478E841C-38A9-4677-9B64-6F3CB117CCEA}"
EndProject
Project("{2150E333-8FDC-42A3-9474-1A3956D46DE8}") = "week05", "week05", "{2F3CDF06-7418-432D-A37E-D05CDA57B475}"
EndProject
Project("{9A19103F-16F7-4668-BE54-9A1E7A4F7556}") = "code", "week05\code\code.csproj", "{1FC2ED50-4C48-4976-B03B-298EF3253FC3}"
EndProject
Project("{2150E333-8FDC-42A3-9474-1A3956D46DE8}") = "week06", "week06", "{0ED2E025-C87A-4396-815B-9353B93CFA26}"
EndProject
Project("{9A19103F-16F7-4668-BE54-9A1E7A4F7556}") = "code", "week06\code\code.csproj", "{F303A11C-D539-4E13-A8A1-C6FF0C95A9BD}"
EndProject
Global
	GlobalSection(SolutionConfigurationPlatforms) = preSolution
		Debug|Any CPU = Debug|Any CPU
		Release|Any CPU = Release|Any CPU
	EndGlobalSection
	GlobalSection(ProjectConfigurationPlatforms) = postSolution
		{9AF38745-63ED-4391-9382-76F7C81E3D74}.Debug|Any CPU.ActiveCfg = Debug|Any CPU
		{9AF38745-63ED-4391-9382-76F7C81E3D74}.Debug|Any CPU.Build.0 = Debug|Any CPU
		{9AF38745-63ED-4391-9382-76F7C81E3D74}.Release|Any CPU.ActiveCfg = Release|Any CPU
		{9AF38745-63ED-4391-9382-76F7C81E3D74}.Release|Any CPU.Build.0 = Release|Any CPU
		{8A222E52-58D1-4AC9-BFF6-4C5C713B9DBB}.Debug|Any CPU.ActiveCfg = Debug|Any CPU
		{8A222E52-58D1-4AC9-BFF6-4C5C713B9DBB}.Debug|Any CPU.Build.0 = Debug|Any CPU
		{8A222E52-58D1-4AC9-BFF6-4C5C713B9DBB}.Release|Any CPU.ActiveCfg = Release|Any CPU
		{8A222E52-58D1-4AC9-BFF6-4C5C713B9DBB}.Release|Any CPU.Build.0 = Release|Any CPU
		{605D6D6E-9A0A-4C35-82AC-BB142611EED8}.Debug|Any CPU.ActiveCfg = Debug|Any CPU
		{605D6D6E-9A0A-4C35-82AC-BB142611EED8}.Debug|Any CPU.Build.0 = Debug|Any CPU
		{605D6D6E-9A0A-4C35-82AC-BB142611EED8}.Release|Any CPU.ActiveCfg = Release|Any CPU
		{605D6D6E-9A0A-4C35-82AC-BB142611EED8}.Release|Any CPU.Build.0 = Release|Any CPU
		{097DF836-DA02-40E0-BA7A-D3A362727904}.Debug|Any CPU.ActiveCfg = Debug|Any CPU
		{097DF836-DA02-40E0-BA7A-D3A362727904}.Debug|Any CPU.Build.0 = Debug|Any CPU
		{097DF836-DA02-40E0-BA7A-D3A362727904}.Release|Any CPU.ActiveCfg = Release|Any CPU
		{097DF836-DA02-40E0-BA7A-D3A362727904}.Release|Any CPU.Build.0 = Release|Any CPU
		{80F087F5-92E4-4DDE-8A37-7276791B500C}.Debug|Any CPU.ActiveCfg = Debug|Any CPU
		{80F087F5-92E4-4DDE-8A37-7276791B500C}.Debug|Any CPU.Build.0 = Debug|Any CPU
		{80F087F5-92E4-4DDE-8A37-7276791B500C}.Release|Any CPU.ActiveCfg = Release|Any CPU
		{80F087F5-92E4-4DDE-8A37-7276791B500C}.Release|Any CPU.Build.0 = Release|Any CPU
		{B9CB34A6-68FD-4E90-AB46-0637E2E48B56}.Debug|Any CPU.ActiveCfg = Debug|Any CPU
		{B9CB34A6-68FD-4E90-AB46-0637E2E48B56}.Debug|Any CPU.Build.0 = Debug|Any CPU
		{B9CB34A6-68FD-4E90-AB46-0637E2E48B56}.Release|Any CPU.ActiveCfg = Release|Any CPU
		{B9CB34A6-68FD-4E90-AB46-0637E2E48B56}.Release|Any CPU.Build.0 = Release|Any CPU
		{9CF091F8-1F30-4F84-AEFA-93DDD1299F9A}.Debug|Any CPU.ActiveCfg = Debug|Any CPU
		{9CF091F8-1F30-4F84-AEFA-93DDD1299F9A}.Debug|Any CPU.Build.0 = Debug|Any CPU
		{9CF091F8-1F30-4F84-AEFA-93DDD1299F9A}.Release|Any CPU.ActiveCfg = Release|Any CPU
		{9CF091F8-1F30-4F84-AEFA-93DDD1299F9A}.Release|Any CPU.Build.0 = Release|Any CPU
		{9CF4F526-9334-4F90-94B2-FAE754CAEA13}.Debug|Any CPU.ActiveCfg = Debug|Any CPU
		{9CF4F526-9334-4F90-94B2-FAE754CAEA13}.Debug|Any CPU.Build.0 = Debug|Any CPU
		{9CF4F526-9334-4F90-94B2-FAE754CAEA13}.Release|Any CPU.ActiveCfg = Release|Any CPU
		{9CF4F526-9334-4F90-94B2-FAE754CAEA13}.Release|Any CPU.Build.0 = Release|Any CPU
		{77798ACC-5158-4289-8B62-9CF0F9C88D8C}.Debug|Any CPU.ActiveCfg = Debug|Any CPU
		{77798ACC-5158-4289-8B62-9CF0F9C88D8C}.Debug|Any CPU.Build.0 = Debug|Any CPU
		{77798ACC-5158-4289-8B62-9CF0F9C88D8C}.Release|Any CPU.ActiveCfg = Release|Any CPU
		{77798ACC-5158-4289-8B62-9CF0F9C88D8C}.Release|Any CPU.Build.0 = Release|Any CPU
		{8D5098B8-6D45-4ECB-940F-EF45C23BADE3}.Debug|Any CPU.ActiveCfg = Debug|Any CPU
		{8D5098B8-6D45-4ECB-940F-EF45C23BADE3}.Debug|Any CPU.Build.0 = Debug|Any CPU
		{8D5098B8-6D45-4ECB-940F-EF45C23BADE3}.Release|Any CPU.ActiveCfg = Release|Any CPU
		{8D5098B8-6D45-4ECB-940F-EF45C23BADE3}.Release|Any CPU.Build.0 = Release|Any CPU
		{ADFED0D7-2AD6-4564-B46C-90ADF3CBAB83}.Debug|Any CPU.ActiveCfg = Debug|Any CPU
		{ADFED0D7-2AD6-4564-B46C-90ADF3CBAB83}.Debug|Any CPU.Build.0 = Debug|Any CPU
		{ADFED0D7-2AD6-4564-B46C-90ADF3CBAB83}.Release|Any CPU.ActiveCfg = Release|Any CPU
		{ADFED0D7-2AD6-4564-B46C-90ADF3CBAB83}.Release|Any CPU.Build.0 = Release|Any CPU
		{478E841C-38A9-4677-9B64-6F3CB117CCEA}.Debug|Any CPU.ActiveCfg = Debug|Any CPU
		{478E841C-38A9-4677-9B64-6F3CB117CCEA}.Debug|Any CPU.Build.0 = Debug|Any CPU
		{478E841C-38A9-4677-9B64-6F3CB117CCEA}.Release|Any CPU.ActiveCfg = Release|Any CPU
		{478E841C-38A9-4677-9B64-6F3CB117CCEA}.Release|Any CPU.Build.0 = Release|Any CPU
		{1FC2ED50-4C48-4976-B03B-298EF3253FC3}.Debug|Any CPU.ActiveCfg = Debug|Any CPU
		{1FC2ED50-4C48-4976-B03B-298EF3253FC3}.Debug|Any CPU.Build.0 = Debug|Any CPU
		{1FC2ED50-4C48-4976-B03B-298EF3253FC3}.Release|Any CPU.ActiveCfg = Release|Any CPU
		{1FC2ED50-4C48-4976-B03B-298EF3253FC3}.Release|Any CPU.Build.0 = Release|Any CPU
		{F303A11C-D539-4E13-A8A1-C6FF0C95A9BD}.Debug|Any CPU.ActiveCfg = Debug|Any CPU
		{F303A11C-D539-4E13-A8A1-C6FF0C95A9BD}.Debug|Any CPU.Build.0 = Debug|Any CPU
		{F303A11C-D539-4E13-A8A1-C6FF0C95A9BD}.Release|Any CPU.ActiveCfg = Release|Any CPU
		{F303A11C-D539-4E13-A8A1-C6FF0C95A9BD}.Release|Any CPU.Build.0 = Release|Any CPU
	EndGlobalSection
	GlobalSection(SolutionProperties) = preSolution
		HideSolutionNode = FALSE
	EndGlobalSection
	GlobalSection(NestedProjects) = preSolution
		{9AF38745-63ED-4391-9382-76F7C81E3D74} = {DFE02E86-A492-4344-9D7C-C53154E7A7FF}
		{8A222E52-58D1-4AC9-BFF6-4C5C713B9DBB} = {054729DF-07B2-4F61-B066-E5DA07A79D5D}
		{605D6D6E-9A0A-4C35-82AC-BB142611EED8} = {054729DF-07B2-4F61-B066-E5DA07A79D5D}
		{097DF836-DA02-40E0-BA7A-D3A362727904} = {054729DF-07B2-4F61-B066-E5DA07A79D5D}
		{80F087F5-92E4-4DDE-8A37-7276791B500C} = {4B573B24-60C2-4C98-A99B-1F5A29F21FAE}
		{B9CB34A6-68FD-4E90-AB46-0637E2E48B56} = {4B573B24-60C2-4C98-A99B-1F5A29F21FAE}
		{9CF091F8-1F30-4F84-AEFA-93DDD1299F9A} = {4B573B24-60C2-4C98-A99B-1F5A29F21FAE}
		{9CF4F526-9334-4F90-94B2-FAE754CAEA13} = {4B573B24-60C2-4C98-A99B-1F5A29F21FAE}
		{77798ACC-5158-4289-8B62-9CF0F9C88D8C} = {CAC2BA00-2EF5-4ECC-A10F-755B48261114}
		{8D5098B8-6D45-4ECB-940F-EF45C23BADE3} = {CAC2BA00-2EF5-4ECC-A10F-755B48261114}
		{ADFED0D7-2AD6-4564-B46C-90ADF3CBAB83} = {CAC2BA00-2EF5-4ECC-A10F-755B48261114}
		{478E841C-38A9-4677-9B64-6F3CB117CCEA} = {A8AAD7D8-E2B5-4A83-A05A-7CA3F28B47D5}
		{1FC2ED50-4C48-4976-B03B-298EF3253FC3} = {2F3CDF06-7418-432D-A37E-D05CDA57B475}
		{F303A11C-D539-4E13-A8A1-C6FF0C95A9BD} = {0ED2E025-C87A-4396-815B-9353B93CFA26}
	EndGlobalSection
	GlobalSection(ExtensibilityGlobals) = postSolution
		SolutionGuid = {CF53F45C-5355-4432-8E41-944A486BB7F6}
	EndGlobalSection
EndGlobal
